
Microsoft Visual Studio Solution File, Format Version 12.00
# Visual Studio Version 16
VisualStudioVersion = 16.0.32802.440
MinimumVisualStudioVersion = 10.0.40219.1
Project("{FAE04EC0-301F-11D3-BF4B-00C04F79EFBC}") = "ADNF_casestudy", "ADNF_casestudy\ADNF_casestudy.csproj", "{92676090-E595-4FF5-9969-D8F3E4CE6E61}"
EndProject
Global
	GlobalSection(SolutionConfigurationPlatforms) = preSolution
		Debug|Any CPU = Debug|Any CPU
		Release|Any CPU = Release|Any CPU
	EndGlobalSection
	GlobalSection(ProjectConfigurationPlatforms) = postSolution
		{92676090-E595-4FF5-9969-D8F3E4CE6E61}.Debug|Any CPU.ActiveCfg = Debug|Any CPU
		{92676090-E595-4FF5-9969-D8F3E4CE6E61}.Debug|Any CPU.Build.0 = Debug|Any CPU
		{92676090-E595-4FF5-9969-D8F3E4CE6E61}.Release|Any CPU.ActiveCfg = Release|Any CPU
		{92676090-E595-4FF5-9969-D8F3E4CE6E61}.Release|Any CPU.Build.0 = Release|Any CPU
	EndGlobalSection
	GlobalSection(SolutionProperties) = preSolution
		HideSolutionNode = FALSE
	EndGlobalSection
	GlobalSection(ExtensibilityGlobals) = postSolution
		SolutionGuid = {1038CD4B-7A84-47CD-8E75-C5753DA3ADC5}
	EndGlobalSection
EndGlobal
